
Microsoft Visual Studio Solution File, Format Version 12.00
# Visual Studio 15
VisualStudioVersion = 15.0.27703.2018
MinimumVisualStudioVersion = 10.0.40219.1
Project("{8BC9CEB8-8B4A-11D0-8D11-00A0C91BC942}") = "Obrazek", "Obrazek\Obrazek.vcxproj", "{BB007CA5-EF4D-4A5F-9339-5F8EC36E1FF0}"
EndProject
Global
	GlobalSection(SolutionConfigurationPlatforms) = preSolution
		Debug|x64 = Debug|x64
		Debug|x86 = Debug|x86
		Release|x64 = Release|x64
		Release|x86 = Release|x86
	EndGlobalSection
	GlobalSection(ProjectConfigurationPlatforms) = postSolution
		{BB007CA5-EF4D-4A5F-9339-5F8EC36E1FF0}.Debug|x64.ActiveCfg = Debug|x64
		{BB007CA5-EF4D-4A5F-9339-5F8EC36E1FF0}.Debug|x64.Build.0 = Debug|x64
		{BB007CA5-EF4D-4A5F-9339-5F8EC36E1FF0}.Debug|x86.ActiveCfg = Debug|Win32
		{BB007CA5-EF4D-4A5F-9339-5F8EC36E1FF0}.Debug|x86.Build.0 = Debug|Win32
		{BB007CA5-EF4D-4A5F-9339-5F8EC36E1FF0}.Release|x64.ActiveCfg = Release|x64
		{BB007CA5-EF4D-4A5F-9339-5F8EC36E1FF0}.Release|x64.Build.0 = Release|x64
		{BB007CA5-EF4D-4A5F-9339-5F8EC36E1FF0}.Release|x86.ActiveCfg = Release|Win32
		{BB007CA5-EF4D-4A5F-9339-5F8EC36E1FF0}.Release|x86.Build.0 = Release|Win32
	EndGlobalSection
	GlobalSection(SolutionProperties) = preSolution
		HideSolutionNode = FALSE
	EndGlobalSection
	GlobalSection(ExtensibilityGlobals) = postSolution
		SolutionGuid = {40954F18-7097-4BEB-AB17-1320814F19B0}
	EndGlobalSection
EndGlobal
